
Microsoft Visual Studio Solution File, Format Version 12.00
# Visual Studio 15
VisualStudioVersion = 15.0.27703.2026
MinimumVisualStudioVersion = 10.0.40219.1
Project("{9A19103F-16F7-4668-BE54-9A1E7A4F7556}") = "TacitusLogger.Destinations.EntityFramework", "TacitusLogger.Destinations.EntityFramework\TacitusLogger.Destinations.EntityFramework.csproj", "{8ACEA641-1FAF-4924-AADB-B93F517098DB}"
EndProject
Project("{9A19103F-16F7-4668-BE54-9A1E7A4F7556}") = "TacitusLogger.Destinations.EntityFramework.UnitTests", "TacitusLogger.Destinations.EntityFramework.UnitTests\TacitusLogger.Destinations.EntityFramework.UnitTests.csproj", "{780D6916-8986-4BB3-AF98-168E7B3653F3}"
EndProject
Project("{9A19103F-16F7-4668-BE54-9A1E7A4F7556}") = "TacitusLogger.Destinations.EntityFramework.IntegrationTests", "TacitusLogger.Destinations.EntityFramework.IntegrationTests\TacitusLogger.Destinations.EntityFramework.IntegrationTests.csproj", "{818C1FE4-3E41-4798-864B-7C83A4EF3BEB}"
EndProject
Project("{2150E333-8FDC-42A3-9474-1A3956D46DE8}") = "Tests", "Tests", "{CBFAF078-3BD1-4140-98FF-5EABF0014E9F}"
EndProject
Project("{9A19103F-16F7-4668-BE54-9A1E7A4F7556}") = "TacitusLogger.Destinations.EntityFramework.TestHelpers", "TacitusLogger.Destinations.EntityFramework.TestHelpers\TacitusLogger.Destinations.EntityFramework.TestHelpers.csproj", "{50AFD507-77AB-4B06-9CB5-B95F6C19EC98}"
EndProject
Global
	GlobalSection(SolutionConfigurationPlatforms) = preSolution
		Debug|Any CPU = Debug|Any CPU
		Release|Any CPU = Release|Any CPU
	EndGlobalSection
	GlobalSection(ProjectConfigurationPlatforms) = postSolution
		{8ACEA641-1FAF-4924-AADB-B93F517098DB}.Debug|Any CPU.ActiveCfg = Debug|Any CPU
		{8ACEA641-1FAF-4924-AADB-B93F517098DB}.Debug|Any CPU.Build.0 = Debug|Any CPU
		{8ACEA641-1FAF-4924-AADB-B93F517098DB}.Release|Any CPU.ActiveCfg = Release|Any CPU
		{8ACEA641-1FAF-4924-AADB-B93F517098DB}.Release|Any CPU.Build.0 = Release|Any CPU
		{780D6916-8986-4BB3-AF98-168E7B3653F3}.Debug|Any CPU.ActiveCfg = Debug|Any CPU
		{780D6916-8986-4BB3-AF98-168E7B3653F3}.Debug|Any CPU.Build.0 = Debug|Any CPU
		{780D6916-8986-4BB3-AF98-168E7B3653F3}.Release|Any CPU.ActiveCfg = Release|Any CPU
		{780D6916-8986-4BB3-AF98-168E7B3653F3}.Release|Any CPU.Build.0 = Release|Any CPU
		{818C1FE4-3E41-4798-864B-7C83A4EF3BEB}.Debug|Any CPU.ActiveCfg = Debug|Any CPU
		{818C1FE4-3E41-4798-864B-7C83A4EF3BEB}.Debug|Any CPU.Build.0 = Debug|Any CPU
		{818C1FE4-3E41-4798-864B-7C83A4EF3BEB}.Release|Any CPU.ActiveCfg = Release|Any CPU
		{818C1FE4-3E41-4798-864B-7C83A4EF3BEB}.Release|Any CPU.Build.0 = Release|Any CPU
		{50AFD507-77AB-4B06-9CB5-B95F6C19EC98}.Debug|Any CPU.ActiveCfg = Debug|Any CPU
		{50AFD507-77AB-4B06-9CB5-B95F6C19EC98}.Debug|Any CPU.Build.0 = Debug|Any CPU
		{50AFD507-77AB-4B06-9CB5-B95F6C19EC98}.Release|Any CPU.ActiveCfg = Release|Any CPU
		{50AFD507-77AB-4B06-9CB5-B95F6C19EC98}.Release|Any CPU.Build.0 = Release|Any CPU
	EndGlobalSection
	GlobalSection(SolutionProperties) = preSolution
		HideSolutionNode = FALSE
	EndGlobalSection
	GlobalSection(NestedProjects) = preSolution
		{780D6916-8986-4BB3-AF98-168E7B3653F3} = {CBFAF078-3BD1-4140-98FF-5EABF0014E9F}
		{818C1FE4-3E41-4798-864B-7C83A4EF3BEB} = {CBFAF078-3BD1-4140-98FF-5EABF0014E9F}
		{50AFD507-77AB-4B06-9CB5-B95F6C19EC98} = {CBFAF078-3BD1-4140-98FF-5EABF0014E9F}
	EndGlobalSection
	GlobalSection(ExtensibilityGlobals) = postSolution
		SolutionGuid = {5DD0D4B1-04A2-431E-9BFD-5204943E0089}
	EndGlobalSection
EndGlobal
